
Microsoft Visual Studio Solution File, Format Version 12.00
# Visual Studio Version 16
VisualStudioVersion = 16.0.32901.82
MinimumVisualStudioVersion = 10.0.40219.1
Project("{FAE04EC0-301F-11D3-BF4B-00C04F79EFBC}") = "Task2", "Task2\Task2.csproj", "{DC83B982-EA7C-4E90-8CBC-E16306AAECAF}"
EndProject
Global
	GlobalSection(SolutionConfigurationPlatforms) = preSolution
		Debug|Any CPU = Debug|Any CPU
		Release|Any CPU = Release|Any CPU
	EndGlobalSection
	GlobalSection(ProjectConfigurationPlatforms) = postSolution
		{DC83B982-EA7C-4E90-8CBC-E16306AAECAF}.Debug|Any CPU.ActiveCfg = Debug|Any CPU
		{DC83B982-EA7C-4E90-8CBC-E16306AAECAF}.Debug|Any CPU.Build.0 = Debug|Any CPU
		{DC83B982-EA7C-4E90-8CBC-E16306AAECAF}.Release|Any CPU.ActiveCfg = Release|Any CPU
		{DC83B982-EA7C-4E90-8CBC-E16306AAECAF}.Release|Any CPU.Build.0 = Release|Any CPU
	EndGlobalSection
	GlobalSection(SolutionProperties) = preSolution
		HideSolutionNode = FALSE
	EndGlobalSection
	GlobalSection(ExtensibilityGlobals) = postSolution
		SolutionGuid = {1BABDBB0-9947-4D71-88A7-407F19970FA0}
	EndGlobalSection
EndGlobal
